Microsoft Visual Studio Solution File, Format Version 12.00
# Visual Studio Version 17
VisualStudioVersion = 17.5.2.0
MinimumVisualStudioVersion = 10.0.40219.1
Project("{FAE04EC0-301F-11D3-BF4B-00C04F79EFBC}") = "Devops.Backend", "Devops.Backend\Devops.Backend.csproj", "{1B2619D1-10A2-1434-A5FF-22F0D5D77D01}"
EndProject
Global
	GlobalSection(SolutionConfigurationPlatforms) = preSolution
		Debug|Any CPU = Debug|Any CPU
		Release|Any CPU = Release|Any CPU
	EndGlobalSection
	GlobalSection(ProjectConfigurationPlatforms) = postSolution
		{1B2619D1-10A2-1434-A5FF-22F0D5D77D01}.Debug|Any CPU.ActiveCfg = Debug|Any CPU
		{1B2619D1-10A2-1434-A5FF-22F0D5D77D01}.Debug|Any CPU.Build.0 = Debug|Any CPU
		{1B2619D1-10A2-1434-A5FF-22F0D5D77D01}.Release|Any CPU.ActiveCfg = Release|Any CPU
		{1B2619D1-10A2-1434-A5FF-22F0D5D77D01}.Release|Any CPU.Build.0 = Release|Any CPU
	EndGlobalSection
	GlobalSection(SolutionProperties) = preSolution
		HideSolutionNode = FALSE
	EndGlobalSection
	GlobalSection(ExtensibilityGlobals) = postSolution
		SolutionGuid = {8932F533-3394-4CC5-BB55-6A0834182B99}
	EndGlobalSection
EndGlobal
